
Microsoft Visual Studio Solution File, Format Version 12.00
# Visual Studio Version 16
VisualStudioVersion = 16.0.30204.135
MinimumVisualStudioVersion = 10.0.40219.1
Project("{FAE04EC0-301F-11D3-BF4B-00C04F79EFBC}") = "ProcessOrdersWithRules", "ProcessOrdersWithRules\ProcessOrdersWithRules.csproj", "{DCCC13CE-BD7E-4C48-8ABD-EF0479571B61}"
EndProject
Project("{FAE04EC0-301F-11D3-BF4B-00C04F79EFBC}") = "ProcessOrdersWithRules.Tests", "ProcessOrdersWithRules.Tests\ProcessOrdersWithRules.Tests.csproj", "{EEF6E74A-4B32-4C87-8C4D-1DE519231162}"
EndProject
Global
	GlobalSection(SolutionConfigurationPlatforms) = preSolution
		Debug|Any CPU = Debug|Any CPU
		Release|Any CPU = Release|Any CPU
	EndGlobalSection
	GlobalSection(ProjectConfigurationPlatforms) = postSolution
		{DCCC13CE-BD7E-4C48-8ABD-EF0479571B61}.Debug|Any CPU.ActiveCfg = Debug|Any CPU
		{DCCC13CE-BD7E-4C48-8ABD-EF0479571B61}.Debug|Any CPU.Build.0 = Debug|Any CPU
		{DCCC13CE-BD7E-4C48-8ABD-EF0479571B61}.Release|Any CPU.ActiveCfg = Release|Any CPU
		{DCCC13CE-BD7E-4C48-8ABD-EF0479571B61}.Release|Any CPU.Build.0 = Release|Any CPU
		{EEF6E74A-4B32-4C87-8C4D-1DE519231162}.Debug|Any CPU.ActiveCfg = Debug|Any CPU
		{EEF6E74A-4B32-4C87-8C4D-1DE519231162}.Debug|Any CPU.Build.0 = Debug|Any CPU
		{EEF6E74A-4B32-4C87-8C4D-1DE519231162}.Release|Any CPU.ActiveCfg = Release|Any CPU
		{EEF6E74A-4B32-4C87-8C4D-1DE519231162}.Release|Any CPU.Build.0 = Release|Any CPU
	EndGlobalSection
	GlobalSection(SolutionProperties) = preSolution
		HideSolutionNode = FALSE
	EndGlobalSection
	GlobalSection(ExtensibilityGlobals) = postSolution
		SolutionGuid = {25613E19-FC30-4221-BCBC-4A34F4EFF4F5}
	EndGlobalSection
EndGlobal
